// !$*UTF8*$!
{
	archiveVersion = 1;
	classes = {
	};
	objectVersion = 50;
	objects = {

/* Begin PBXBuildFile section */
		5651C91D275F0BC90007717D /* MapView.swift in Sources */ = {isa = PBXBuildFile; fileRef = 5651C91C275F0BC90007717D /* MapView.swift */; };
		5651C91F275F0F7E0007717D /* Landmark.swift in Sources */ = {isa = PBXBuildFile; fileRef = 5651C91E275F0F7E0007717D /* Landmark.swift */; };
		5651C921275F101C0007717D /* landmarkData.json in Resources */ = {isa = PBXBuildFile; fileRef = 5651C920275F101C0007717D /* landmarkData.json */; };
		5651C923275F112D0007717D /* ModelData.swift in Sources */ = {isa = PBXBuildFile; fileRef = 5651C922275F112D0007717D /* ModelData.swift */; };
		5651C928275F133A0007717D /* LandmarkRow.swift in Sources */ = {isa = PBXBuildFile; fileRef = 5651C927275F133A0007717D /* LandmarkRow.swift */; };
		5651C92C275F15940007717D /* LandmarkList.swift in Sources */ = {isa = PBXBuildFile; fileRef = 5651C92B275F15940007717D /* LandmarkList.swift */; };
		5651C92E275F16720007717D /* LandmarkDetail.swift in Sources */ = {isa = PBXBuildFile; fileRef = 5651C92D275F16720007717D /* LandmarkDetail.swift */; };
		5651C930276547930007717D /* FavoriteButton.swift in Sources */ = {isa = PBXBuildFile; fileRef = 5651C92F276547930007717D /* FavoriteButton.swift */; };
		5651C93427654BAC0007717D /* HexagonParameters.swift in Sources */ = {isa = PBXBuildFile; fileRef = 5651C93327654BAC0007717D /* HexagonParameters.swift */; };
		5651C93627654C7E0007717D /* BadgeBackground.swift in Sources */ = {isa = PBXBuildFile; fileRef = 5651C93527654C7E0007717D /* BadgeBackground.swift */; };
		5651C93827654EC60007717D /* BadgeSymbol.swift in Sources */ = {isa = PBXBuildFile; fileRef = 5651C93727654EC60007717D /* BadgeSymbol.swift */; };
		5651C93B27654F980007717D /* RotatedBadgeSymbol.swift in Sources */ = {isa = PBXBuildFile; fileRef = 5651C93A27654F980007717D /* RotatedBadgeSymbol.swift */; };
		5651C93D27654FE30007717D /* Badge.swift in Sources */ = {isa = PBXBuildFile; fileRef = 5651C93C27654FE30007717D /* Badge.swift */; };
		566361BE275AEB00002755DC /* LandmarksApp.swift in Sources */ = {isa = PBXBuildFile; fileRef = 566361BD275AEB00002755DC /* LandmarksApp.swift */; };
		566361C0275AEB00002755DC /* ContentView.swift in Sources */ = {isa = PBXBuildFile; fileRef = 566361BF275AEB00002755DC /* ContentView.swift */; };
		566361C2275AEB06002755DC /* Assets.xcassets in Resources */ = {isa = PBXBuildFile; fileRef = 566361C1275AEB06002755DC /* Assets.xcassets */; };
		566361C5275AEB06002755DC /* Preview Assets.xcassets in Resources */ = {isa = PBXBuildFile; fileRef = 566361C4275AEB06002755DC /* Preview Assets.xcassets */; };
		566361D0275AEB06002755DC /* LandmarksTests.swift in Sources */ = {isa = PBXBuildFile; fileRef = 566361CF275AEB06002755DC /* LandmarksTests.swift */; };
		566361DB275AEB06002755DC /* LandmarksUITests.swift in Sources */ = {isa = PBXBuildFile; fileRef = 566361DA275AEB06002755DC /* LandmarksUITests.swift */; };
		566361EC275D8B9B002755DC /* CircleImage.swift in Sources */ = {isa = PBXBuildFile; fileRef = 566361EB275D8B9B002755DC /* CircleImage.swift */; };
/* End PBXBuildFile section */

/* Begin PBXContainerItemProxy section */
		566361CC275AEB06002755DC /* PBXContainerItemProxy */ = {
			isa = PBXContainerItemProxy;
			containerPortal = 566361B2275AEB00002755DC /* Project object */;
			proxyType = 1;
			remoteGlobalIDString = 566361B9275AEB00002755DC;
			remoteInfo = Landmarks;
		};
		566361D7275AEB06002755DC /* PBXContainerItemProxy */ = {
			isa = PBXContainerItemProxy;
			containerPortal = 566361B2275AEB00002755DC /* Project object */;
			proxyType = 1;
			remoteGlobalIDString = 566361B9275AEB00002755DC;
			remoteInfo = Landmarks;
		};
/* End PBXContainerItemProxy section */

/* Begin PBXFileReference section */
		5651C91C275F0BC90007717D /* MapView.swift */ = {isa = PBXFileReference; lastKnownFileType = sourcecode.swift; path = MapView.swift; sourceTree = "<group>"; };
		5651C91E275F0F7E0007717D /* Landmark.swift */ = {isa = PBXFileReference; lastKnownFileType = sourcecode.swift; path = Landmark.swift; sourceTree = "<group>"; };
		5651C920275F101C0007717D /* landmarkData.json */ = {isa = PBXFileReference; fileEncoding = 4; lastKnownFileType = text.json; path = landmarkData.json; sourceTree = "<group>"; };
		5651C922275F112D0007717D /* ModelData.swift */ = {isa = PBXFileReference; lastKnownFileType = sourcecode.swift; path = ModelData.swift; sourceTree = "<group>"; };
		5651C927275F133A0007717D /* LandmarkRow.swift */ = {isa = PBXFileReference; lastKnownFileType = sourcecode.swift; path = LandmarkRow.swift; sourceTree = "<group>"; };
		5651C92B275F15940007717D /* LandmarkList.swift */ = {isa = PBXFileReference; lastKnownFileType = sourcecode.swift; path = LandmarkList.swift; sourceTree = "<group>"; };
		5651C92D275F16720007717D /* LandmarkDetail.swift */ = {isa = PBXFileReference; lastKnownFileType = sourcecode.swift; path = LandmarkDetail.swift; sourceTree = "<group>"; };
		5651C92F276547930007717D /* FavoriteButton.swift */ = {isa = PBXFileReference; lastKnownFileType = sourcecode.swift; path = FavoriteButton.swift; sourceTree = "<group>"; };
		5651C93327654BAC0007717D /* HexagonParameters.swift */ = {isa = PBXFileReference; lastKnownFileType = sourcecode.swift; path = HexagonParameters.swift; sourceTree = "<group>"; };
		5651C93527654C7E0007717D /* BadgeBackground.swift */ = {isa = PBXFileReference; lastKnownFileType = sourcecode.swift; path = BadgeBackground.swift; sourceTree = "<group>"; };
		5651C93727654EC60007717D /* BadgeSymbol.swift */ = {isa = PBXFileReference; lastKnownFileType = sourcecode.swift; path = BadgeSymbol.swift; sourceTree = "<group>"; };
		5651C93A27654F980007717D /* RotatedBadgeSymbol.swift */ = {isa = PBXFileReference; lastKnownFileType = sourcecode.swift; path = RotatedBadgeSymbol.swift; sourceTree = "<group>"; };
		5651C93C27654FE30007717D /* Badge.swift */ = {isa = PBXFileReference; lastKnownFileType = sourcecode.swift; path = Badge.swift; sourceTree = "<group>"; };
		566361BA275AEB00002755DC /* Landmarks.app */ = {isa = PBXFileReference; explicitFileType = wrapper.application; includeInIndex = 0; path = Landmarks.app; sourceTree = BUILT_PRODUCTS_DIR; };
		566361BD275AEB00002755DC /* LandmarksApp.swift */ = {isa = PBXFileReference; lastKnownFileType = sourcecode.swift; path = LandmarksApp.swift; sourceTree = "<group>"; };
		566361BF275AEB00002755DC /* ContentView.swift */ = {isa = PBXFileReference; lastKnownFileType = sourcecode.swift; path = ContentView.swift; sourceTree = "<group>"; };
		566361C1275AEB06002755DC /* Assets.xcassets */ = {isa = PBXFileReference; lastKnownFileType = folder.assetcatalog; path = Assets.xcassets; sourceTree = "<group>"; };
		566361C4275AEB06002755DC /* Preview Assets.xcassets */ = {isa = PBXFileReference; lastKnownFileType = folder.assetcatalog; path = "Preview Assets.xcassets"; sourceTree = "<group>"; };
		566361C6275AEB06002755DC /* Info.plist */ = {isa = PBXFileReference; lastKnownFileType = text.plist.xml; path = Info.plist; sourceTree = "<group>"; };
		566361CB275AEB06002755DC /* LandmarksTests.xctest */ = {isa = PBXFileReference; explicitFileType = wrapper.cfbundle; includeInIndex = 0; path = LandmarksTests.xctest; sourceTree = BUILT_PRODUCTS_DIR; };
		566361CF275AEB06002755DC /* LandmarksTests.swift */ = {isa = PBXFileReference; lastKnownFileType = sourcecode.swift; path = LandmarksTests.swift; sourceTree = "<group>"; };
		566361D1275AEB06002755DC /* Info.plist */ = {isa = PBXFileReference; lastKnownFileType = text.plist.xml; path = Info.plist; sourceTree = "<group>"; };
		566361D6275AEB06002755DC /* LandmarksUITests.xctest */ = {isa = PBXFileReference; explicitFileType = wrapper.cfbundle; includeInIndex = 0; path = LandmarksUITests.xctest; sourceTree = BUILT_PRODUCTS_DIR; };
		566361DA275AEB06002755DC /* LandmarksUITests.swift */ = {isa = PBXFileReference; lastKnownFileType = sourcecode.swift; path = LandmarksUITests.swift; sourceTree = "<group>"; };
		566361DC275AEB06002755DC /* Info.plist */ = {isa = PBXFileReference; lastKnownFileType = text.plist.xml; path = Info.plist; sourceTree = "<group>"; };
		566361EB275D8B9B002755DC /* CircleImage.swift */ = {isa = PBXFileReference; lastKnownFileType = sourcecode.swift; path = CircleImage.swift; sourceTree = "<group>"; };
/* End PBXFileReference section */

/* Begin PBXFrameworksBuildPhase section */
		566361B7275AEB00002755DC /* Frameworks */ = {
			isa = PBXFrameworksBuildPhase;
			buildActionMask = 2147483647;
			files = (
			);
			runOnlyForDeploymentPostprocessing = 0;
		};
		566361C8275AEB06002755DC /* Frameworks */ = {
			isa = PBXFrameworksBuildPhase;
			buildActionMask = 2147483647;
			files = (
			);
			runOnlyForDeploymentPostprocessing = 0;
		};
		566361D3275AEB06002755DC /* Frameworks */ = {
			isa = PBXFrameworksBuildPhase;
			buildActionMask = 2147483647;
			files = (
			);
			runOnlyForDeploymentPostprocessing = 0;
		};
/* End PBXFrameworksBuildPhase section */

/* Begin PBXGroup section */
		5651C924275F12690007717D /* Views */ = {
			isa = PBXGroup;
			children = (
				566361BF275AEB00002755DC /* ContentView.swift */,
				5651C931276548750007717D /* Landmarks */,
				5651C93927654ED40007717D /* Badge */,
				5651C9322765487E0007717D /* Helpers */,
			);
			path = Views;
			sourceTree = "<group>";
		};
		5651C925275F12970007717D /* Resources */ = {
			isa = PBXGroup;
			children = (
				5651C920275F101C0007717D /* landmarkData.json */,
			);
			path = Resources;
			sourceTree = "<group>";
		};
		5651C926275F12EA0007717D /* Model */ = {
			isa = PBXGroup;
			children = (
				5651C922275F112D0007717D /* ModelData.swift */,
				5651C91E275F0F7E0007717D /* Landmark.swift */,
			);
			path = Model;
			sourceTree = "<group>";
		};
		5651C931276548750007717D /* Landmarks */ = {
			isa = PBXGroup;
			children = (
				5651C92B275F15940007717D /* LandmarkList.swift */,
				5651C927275F133A0007717D /* LandmarkRow.swift */,
				5651C92D275F16720007717D /* LandmarkDetail.swift */,
			);
			path = Landmarks;
			sourceTree = "<group>";
		};
		5651C9322765487E0007717D /* Helpers */ = {
			isa = PBXGroup;
			children = (
				566361EB275D8B9B002755DC /* CircleImage.swift */,
				5651C91C275F0BC90007717D /* MapView.swift */,
				5651C92F276547930007717D /* FavoriteButton.swift */,
			);
			path = Helpers;
			sourceTree = "<group>";
		};
		5651C93927654ED40007717D /* Badge */ = {
			isa = PBXGroup;
			children = (
				5651C93C27654FE30007717D /* Badge.swift */,
				5651C93527654C7E0007717D /* BadgeBackground.swift */,
				5651C93727654EC60007717D /* BadgeSymbol.swift */,
				5651C93A27654F980007717D /* RotatedBadgeSymbol.swift */,
				5651C93327654BAC0007717D /* HexagonParameters.swift */,
			);
			path = Badge;
			sourceTree = "<group>";
		};
		566361B1275AEB00002755DC = {
			isa = PBXGroup;
			children = (
				566361BC275AEB00002755DC /* Landmarks */,
				566361CE275AEB06002755DC /* LandmarksTests */,
				566361D9275AEB06002755DC /* LandmarksUITests */,
				566361BB275AEB00002755DC /* Products */,
			);
			sourceTree = "<group>";
		};
		566361BB275AEB00002755DC /* Products */ = {
			isa = PBXGroup;
			children = (
				566361BA275AEB00002755DC /* Landmarks.app */,
				566361CB275AEB06002755DC /* LandmarksTests.xctest */,
				566361D6275AEB06002755DC /* LandmarksUITests.xctest */,
			);
			name = Products;
			sourceTree = "<group>";
		};
		566361BC275AEB00002755DC /* Landmarks */ = {
			isa = PBXGroup;
			children = (
				566361C6275AEB06002755DC /* Info.plist */,
				566361BD275AEB00002755DC /* LandmarksApp.swift */,
				566361C1275AEB06002755DC /* Assets.xcassets */,
				5651C926275F12EA0007717D /* Model */,
				566361C3275AEB06002755DC /* Preview Content */,
				5651C925275F12970007717D /* Resources */,
				5651C924275F12690007717D /* Views */,
			);
			path = Landmarks;
			sourceTree = "<group>";
		};
		566361C3275AEB06002755DC /* Preview Content */ = {
			isa = PBXGroup;
			children = (
				566361C4275AEB06002755DC /* Preview Assets.xcassets */,
			);
			path = "Preview Content";
			sourceTree = "<group>";
		};
		566361CE275AEB06002755DC /* LandmarksTests */ = {
			isa = PBXGroup;
			children = (
				566361CF275AEB06002755DC /* LandmarksTests.swift */,
				566361D1275AEB06002755DC /* Info.plist */,
			);
			path = LandmarksTests;
			sourceTree = "<group>";
		};
		566361D9275AEB06002755DC /* LandmarksUITests */ = {
			isa = PBXGroup;
			children = (
				566361DA275AEB06002755DC /* LandmarksUITests.swift */,
				566361DC275AEB06002755DC /* Info.plist */,
			);
			path = LandmarksUITests;
			sourceTree = "<group>";
		};
/* End PBXGroup section */

/* Begin PBXNativeTarget section */
		566361B9275AEB00002755DC /* Landmarks */ = {
			isa = PBXNativeTarget;
			buildConfigurationList = 566361DF275AEB06002755DC /* Build configuration list for PBXNativeTarget "Landmarks" */;
			buildPhases = (
				566361B6275AEB00002755DC /* Sources */,
				566361B7275AEB00002755DC /* Frameworks */,
				566361B8275AEB00002755DC /* Resources */,
			);
			buildRules = (
			);
			dependencies = (
			);
			name = Landmarks;
			productName = Landmarks;
			productReference = 566361BA275AEB00002755DC /* Landmarks.app */;
			productType = "com.apple.product-type.application";
		};
		566361CA275AEB06002755DC /* LandmarksTests */ = {
			isa = PBXNativeTarget;
			buildConfigurationList = 566361E2275AEB06002755DC /* Build configuration list for PBXNativeTarget "LandmarksTests" */;
			buildPhases = (
				566361C7275AEB06002755DC /* Sources */,
				566361C8275AEB06002755DC /* Frameworks */,
				566361C9275AEB06002755DC /* Resources */,
			);
			buildRules = (
			);
			dependencies = (
				566361CD275AEB06002755DC /* PBXTargetDependency */,
			);
			name = LandmarksTests;
			productName = LandmarksTests;
			productReference = 566361CB275AEB06002755DC /* LandmarksTests.xctest */;
			productType = "com.apple.product-type.bundle.unit-test";
		};
		566361D5275AEB06002755DC /* LandmarksUITests */ = {
			isa = PBXNativeTarget;
			buildConfigurationList = 566361E5275AEB06002755DC /* Build configuration list for PBXNativeTarget "LandmarksUITests" */;
			buildPhases = (
				566361D2275AEB06002755DC /* Sources */,
				566361D3275AEB06002755DC /* Frameworks */,
				566361D4275AEB06002755DC /* Resources */,
			);
			buildRules = (
			);
			dependencies = (
				566361D8275AEB06002755DC /* PBXTargetDependency */,
			);
			name = LandmarksUITests;
			productName = LandmarksUITests;
			productReference = 566361D6275AEB06002755DC /* LandmarksUITests.xctest */;
			productType = "com.apple.product-type.bundle.ui-testing";
		};
/* End PBXNativeTarget section */

/* Begin PBXProject section */
		566361B2275AEB00002755DC /* Project object */ = {
			isa = PBXProject;
			attributes = {
				LastSwiftUpdateCheck = 1250;
				LastUpgradeCheck = 1250;
				TargetAttributes = {
					566361B9275AEB00002755DC = {
						CreatedOnToolsVersion = 12.5.1;
					};
					566361CA275AEB06002755DC = {
						CreatedOnToolsVersion = 12.5.1;
						TestTargetID = 566361B9275AEB00002755DC;
					};
					566361D5275AEB06002755DC = {
						CreatedOnToolsVersion = 12.5.1;
						TestTargetID = 566361B9275AEB00002755DC;
					};
				};
			};
			buildConfigurationList = 566361B5275AEB00002755DC /* Build configuration list for PBXProject "Landmarks" */;
			compatibilityVersion = "Xcode 9.3";
			developmentRegion = en;
			hasScannedForEncodings = 0;
			knownRegions = (
				en,
				Base,
			);
			mainGroup = 566361B1275AEB00002755DC;
			productRefGroup = 566361BB275AEB00002755DC /* Products */;
			projectDirPath = "";
			projectRoot = "";
			targets = (
				566361B9275AEB00002755DC /* Landmarks */,
				566361CA275AEB06002755DC /* LandmarksTests */,
				566361D5275AEB06002755DC /* LandmarksUITests */,
			);
		};
/* End PBXProject section */

/* Begin PBXResourcesBuildPhase section */
		566361B8275AEB00002755DC /* Resources */ = {
			isa = PBXResourcesBuildPhase;
			buildActionMask = 2147483647;
			files = (
				566361C5275AEB06002755DC /* Preview Assets.xcassets in Resources */,
				566361C2275AEB06002755DC /* Assets.xcassets in Resources */,
				5651C921275F101C0007717D /* landmarkData.json in Resources */,
			);
			runOnlyForDeploymentPostprocessing = 0;
		};
		566361C9275AEB06002755DC /* Resources */ = {
			isa = PBXResourcesBuildPhase;
			buildActionMask = 2147483647;
			files = (
			);
			runOnlyForDeploymentPostprocessing = 0;
		};
		566361D4275AEB06002755DC /* Resources */ = {
			isa = PBXResourcesBuildPhase;
			buildActionMask = 2147483647;
			files = (
			);
			runOnlyForDeploymentPostprocessing = 0;
		};
/* End PBXResourcesBuildPhase section */

/* Begin PBXSourcesBuildPhase section */
		566361B6275AEB00002755DC /* Sources */ = {
			isa = PBXSourcesBuildPhase;
			buildActionMask = 2147483647;
			files = (
				566361C0275AEB00002755DC /* ContentView.swift in Sources */,
				5651C93D27654FE30007717D /* Badge.swift in Sources */,
				5651C923275F112D0007717D /* ModelData.swift in Sources */,
				5651C91D275F0BC90007717D /* MapView.swift in Sources */,
				5651C930276547930007717D /* FavoriteButton.swift in Sources */,
				5651C92C275F15940007717D /* LandmarkList.swift in Sources */,
				5651C93B27654F980007717D /* RotatedBadgeSymbol.swift in Sources */,
				5651C93827654EC60007717D /* BadgeSymbol.swift in Sources */,
				5651C92E275F16720007717D /* LandmarkDetail.swift in Sources */,
				566361EC275D8B9B002755DC /* CircleImage.swift in Sources */,
				5651C93627654C7E0007717D /* BadgeBackground.swift in Sources */,
				566361BE275AEB00002755DC /* LandmarksApp.swift in Sources */,
				5651C928275F133A0007717D /* LandmarkRow.swift in Sources */,
				5651C91F275F0F7E0007717D /* Landmark.swift in Sources */,
				5651C93427654BAC0007717D /* HexagonParameters.swift in Sources */,
			);
			runOnlyForDeploymentPostprocessing = 0;
		};
		566361C7275AEB06002755DC /* Sources */ = {
			isa = PBXSourcesBuildPhase;
			buildActionMask = 2147483647;
			files = (
				566361D0275AEB06002755DC /* LandmarksTests.swift in Sources */,
			);
			runOnlyForDeploymentPostprocessing = 0;
		};
		566361D2275AEB06002755DC /* Sources */ = {
			isa = PBXSourcesBuildPhase;
			buildActionMask = 2147483647;
			files = (
				566361DB275AEB06002755DC /* LandmarksUITests.swift in Sources */,
			);
			runOnlyForDeploymentPostprocessing = 0;
		};
/* End PBXSourcesBuildPhase section */

/* Begin PBXTargetDependency section */
		566361CD275AEB06002755DC /* PBXTargetDependency */ = {
			isa = PBXTargetDependency;
			target = 566361B9275AEB00002755DC /* Landmarks */;
			targetProxy = 566361CC275AEB06002755DC /* PBXContainerItemProxy */;
		};
		566361D8275AEB06002755DC /* PBXTargetDependency */ = {
			isa = PBXTargetDependency;
			target = 566361B9275AEB00002755DC /* Landmarks */;
			targetProxy = 566361D7275AEB06002755DC /* PBXContainerItemProxy */;
		};
/* End PBXTargetDependency section */

/* Begin XCBuildConfiguration section */
		566361DD275AEB06002755DC /* Debug */ = {
			isa = XCBuildConfiguration;
			buildSettings = {
				ALWAYS_SEARCH_USER_PATHS = NO;
				CLANG_ANALYZER_NONNULL = YES;
				CLANG_ANALYZER_NUMBER_OBJECT_CONVERSION = YES_AGGRESSIVE;
				CLANG_CXX_LANGUAGE_STANDARD = "gnu++14";
				CLANG_CXX_LIBRARY = "libc++";
				CLANG_ENABLE_MODULES = YES;
				CLANG_ENABLE_OBJC_ARC = YES;
				CLANG_ENABLE_OBJC_WEAK = YES;
				CLANG_WARN_BLOCK_CAPTURE_AUTORELEASING = YES;
				CLANG_WARN_BOOL_CONVERSION = YES;
				CLANG_WARN_COMMA = YES;
				CLANG_WARN_CONSTANT_CONVERSION = YES;
				CLANG_WARN_DEPRECATED_OBJC_IMPLEMENTATIONS = YES;
				CLANG_WARN_DIRECT_OBJC_ISA_USAGE = YES_ERROR;
				CLANG_WARN_DOCUMENTATION_COMMENTS = YES;
				CLANG_WARN_EMPTY_BODY = YES;
				CLANG_WARN_ENUM_CONVERSION = YES;
				CLANG_WARN_INFINITE_RECURSION = YES;
				CLANG_WARN_INT_CONVERSION = YES;
				CLANG_WARN_NON_LITERAL_NULL_CONVERSION = YES;
				CLANG_WARN_OBJC_IMPLICIT_RETAIN_SELF = YES;
				CLANG_WARN_OBJC_LITERAL_CONVERSION = YES;
				CLANG_WARN_OBJC_ROOT_CLASS = YES_ERROR;
				CLANG_WARN_QUOTED_INCLUDE_IN_FRAMEWORK_HEADER = YES;
				CLANG_WARN_RANGE_LOOP_ANALYSIS = YES;
				CLANG_WARN_STRICT_PROTOTYPES = YES;
				CLANG_WARN_SUSPICIOUS_MOVE = YES;
				CLANG_WARN_UNGUARDED_AVAILABILITY = YES_AGGRESSIVE;
				CLANG_WARN_UNREACHABLE_CODE = YES;
				CLANG_WARN__DUPLICATE_METHOD_MATCH = YES;
				COPY_PHASE_STRIP = NO;
				DEBUG_INFORMATION_FORMAT = dwarf;
				ENABLE_STRICT_OBJC_MSGSEND = YES;
				ENABLE_TESTABILITY = YES;
				GCC_C_LANGUAGE_STANDARD = gnu11;
				GCC_DYNAMIC_NO_PIC = NO;
				GCC_NO_COMMON_BLOCKS = YES;
				GCC_OPTIMIZATION_LEVEL = 0;
				GCC_PREPROCESSOR_DEFINITIONS = (
					"DEBUG=1",
					"$(inherited)",
				);
				GCC_WARN_64_TO_32_BIT_CONVERSION = YES;
				GCC_WARN_ABOUT_RETURN_TYPE = YES_ERROR;
				GCC_WARN_UNDECLARED_SELECTOR = YES;
				GCC_WARN_UNINITIALIZED_AUTOS = YES_AGGRESSIVE;
				GCC_WARN_UNUSED_FUNCTION = YES;
				GCC_WARN_UNUSED_VARIABLE = YES;
				IPHONEOS_DEPLOYMENT_TARGET = 15.0;
				MTL_ENABLE_DEBUG_INFO = INCLUDE_SOURCE;
				MTL_FAST_MATH = YES;
				ONLY_ACTIVE_ARCH = YES;
				SDKROOT = iphoneos;
				SWIFT_ACTIVE_COMPILATION_CONDITIONS = DEBUG;
				SWIFT_OPTIMIZATION_LEVEL = "-Onone";
			};
			name = Debug;
		};
		566361DE275AEB06002755DC /* Release */ = {
			isa = XCBuildConfiguration;
			buildSettings = {
				ALWAYS_SEARCH_USER_PATHS = NO;
				CLANG_ANALYZER_NONNULL = YES;
				CLANG_ANALYZER_NUMBER_OBJECT_CONVERSION = YES_AGGRESSIVE;
				CLANG_CXX_LANGUAGE_STANDARD = "gnu++14";
				CLANG_CXX_LIBRARY = "libc++";
				CLANG_ENABLE_MODULES = YES;
				CLANG_ENABLE_OBJC_ARC = YES;
				CLANG_ENABLE_OBJC_WEAK = YES;
				CLANG_WARN_BLOCK_CAPTURE_AUTORELEASING = YES;
				CLANG_WARN_BOOL_CONVERSION = YES;
				CLANG_WARN_COMMA = YES;
				CLANG_WARN_CONSTANT_CONVERSION = YES;
				CLANG_WARN_DEPRECATED_OBJC_IMPLEMENTATIONS = YES;
				CLANG_WARN_DIRECT_OBJC_ISA_USAGE = YES_ERROR;
				CLANG_WARN_DOCUMENTATION_COMMENTS = YES;
				CLANG_WARN_EMPTY_BODY = YES;
				CLANG_WARN_ENUM_CONVERSION = YES;
				CLANG_WARN_INFINITE_RECURSION = YES;
				CLANG_WARN_INT_CONVERSION = YES;
				CLANG_WARN_NON_LITERAL_NULL_CONVERSION = YES;
				CLANG_WARN_OBJC_IMPLICIT_RETAIN_SELF = YES;
				CLANG_WARN_OBJC_LITERAL_CONVERSION = YES;
				CLANG_WARN_OBJC_ROOT_CLASS = YES_ERROR;
				CLANG_WARN_QUOTED_INCLUDE_IN_FRAMEWORK_HEADER = YES;
				CLANG_WARN_RANGE_LOOP_ANALYSIS = YES;
				CLANG_WARN_STRICT_PROTOTYPES = YES;
				CLANG_WARN_SUSPICIOUS_MOVE = YES;
				CLANG_WARN_UNGUARDED_AVAILABILITY = YES_AGGRESSIVE;
				CLANG_WARN_UNREACHABLE_CODE = YES;
				CLANG_WARN__DUPLICATE_METHOD_MATCH = YES;
				COPY_PHASE_STRIP = NO;
				DEBUG_INFORMATION_FORMAT = "dwarf-with-dsym";
				ENABLE_NS_ASSERTIONS = NO;
				ENABLE_STRICT_OBJC_MSGSEND = YES;
				GCC_C_LANGUAGE_STANDARD = gnu11;
				GCC_NO_COMMON_BLOCKS = YES;
				GCC_WARN_64_TO_32_BIT_CONVERSION = YES;
				GCC_WARN_ABOUT_RETURN_TYPE = YES_ERROR;
				GCC_WARN_UNDECLARED_SELECTOR = YES;
				GCC_WARN_UNINITIALIZED_AUTOS = YES_AGGRESSIVE;
				GCC_WARN_UNUSED_FUNCTION = YES;
				GCC_WARN_UNUSED_VARIABLE = YES;
				IPHONEOS_DEPLOYMENT_TARGET = 15.0;
				MTL_ENABLE_DEBUG_INFO = NO;
				MTL_FAST_MATH = YES;
				SDKROOT = iphoneos;
				SWIFT_COMPILATION_MODE = wholemodule;
				SWIFT_OPTIMIZATION_LEVEL = "-O";
				VALIDATE_PRODUCT = YES;
			};
			name = Release;
		};
		566361E0275AEB06002755DC /* Debug */ = {
			isa = XCBuildConfiguration;
			buildSettings = {
				ASSETCATALOG_COMPILER_APPICON_NAME = AppIcon;
				ASSETCATALOG_COMPILER_GLOBAL_ACCENT_COLOR_NAME = AccentColor;
				CODE_SIGN_STYLE = Automatic;
				DEVELOPMENT_ASSET_PATHS = "\"Landmarks/Preview Content\"";
				DEVELOPMENT_TEAM = HKP37D8GG4;
				ENABLE_PREVIEWS = YES;
				INFOPLIST_FILE = Landmarks/Info.plist;
				IPHONEOS_DEPLOYMENT_TARGET = 15.0;
				LD_RUNPATH_SEARCH_PATHS = (
					"$(inherited)",
					"@executable_path/Frameworks",
				);
				PRODUCT_BUNDLE_IDENTIFIER = Drew.Landmarks;
				PRODUCT_NAME = "$(TARGET_NAME)";
				SWIFT_VERSION = 5.0;
				TARGETED_DEVICE_FAMILY = "1,2";
			};
			name = Debug;
		};
		566361E1275AEB06002755DC /* Release */ = {
			isa = XCBuildConfiguration;
			buildSettings = {
				ASSETCATALOG_COMPILER_APPICON_NAME = AppIcon;
				ASSETCATALOG_COMPILER_GLOBAL_ACCENT_COLOR_NAME = AccentColor;
				CODE_SIGN_STYLE = Automatic;
				DEVELOPMENT_ASSET_PATHS = "\"Landmarks/Preview Content\"";
				DEVELOPMENT_TEAM = HKP37D8GG4;
				ENABLE_PREVIEWS = YES;
				INFOPLIST_FILE = Landmarks/Info.plist;
				IPHONEOS_DEPLOYMENT_TARGET = 15.0;
				LD_RUNPATH_SEARCH_PATHS = (
					"$(inherited)",
					"@executable_path/Frameworks",
				);
				PRODUCT_BUNDLE_IDENTIFIER = Drew.Landmarks;
				PRODUCT_NAME = "$(TARGET_NAME)";
				SWIFT_VERSION = 5.0;
				TARGETED_DEVICE_FAMILY = "1,2";
			};
			name = Release;
		};
		566361E3275AEB06002755DC /* Debug */ = {
			isa = XCBuildConfiguration;
			buildSettings = {
				ALWAYS_EMBED_SWIFT_STANDARD_LIBRARIES = YES;
				BUNDLE_LOADER = "$(TEST_HOST)";
				CODE_SIGN_STYLE = Automatic;
				INFOPLIST_FILE = LandmarksTests/Info.plist;
				IPHONEOS_DEPLOYMENT_TARGET = 15.0;
				LD_RUNPATH_SEARCH_PATHS = (
					"$(inherited)",
					"@executable_path/Frameworks",
					"@loader_path/Frameworks",
				);
				PRODUCT_BUNDLE_IDENTIFIER = Drew.LandmarksTests;
				PRODUCT_NAME = "$(TARGET_NAME)";
				SWIFT_VERSION = 5.0;
				TARGETED_DEVICE_FAMILY = "1,2";
				TEST_HOST = "$(BUILT_PRODUCTS_DIR)/Landmarks.app/Landmarks";
			};
			name = Debug;
		};
		566361E4275AEB06002755DC /* Release */ = {
			isa = XCBuildConfiguration;
			buildSettings = {
				ALWAYS_EMBED_SWIFT_STANDARD_LIBRARIES = YES;
				BUNDLE_LOADER = "$(TEST_HOST)";
				CODE_SIGN_STYLE = Automatic;
				INFOPLIST_FILE = LandmarksTests/Info.plist;
				IPHONEOS_DEPLOYMENT_TARGET = 15.0;
				LD_RUNPATH_SEARCH_PATHS = (
					"$(inherited)",
					"@executable_path/Frameworks",
					"@loader_path/Frameworks",
				);
				PRODUCT_BUNDLE_IDENTIFIER = Drew.LandmarksTests;
				PRODUCT_NAME = "$(TARGET_NAME)";
				SWIFT_VERSION = 5.0;
				TARGETED_DEVICE_FAMILY = "1,2";
				TEST_HOST = "$(BUILT_PRODUCTS_DIR)/Landmarks.app/Landmarks";
			};
			name = Release;
		};
		566361E6275AEB06002755DC /* Debug */ = {
			isa = XCBuildConfiguration;
			buildSettings = {
				ALWAYS_EMBED_SWIFT_STANDARD_LIBRARIES = YES;
				CODE_SIGN_STYLE = Automatic;
				DEVELOPMENT_TEAM = HKP37D8GG4;
				INFOPLIST_FILE = LandmarksUITests/Info.plist;
				LD_RUNPATH_SEARCH_PATHS = (
					"$(inherited)",
					"@executable_path/Frameworks",
					"@loader_path/Frameworks",
				);
				PRODUCT_BUNDLE_IDENTIFIER = Drew.LandmarksUITests;
				PRODUCT_NAME = "$(TARGET_NAME)";
				SWIFT_VERSION = 5.0;
				TARGETED_DEVICE_FAMILY = "1,2";
				TEST_TARGET_NAME = Landmarks;
			};
			name = Debug;
		};
		566361E7275AEB06002755DC /* Release */ = {
			isa = XCBuildConfiguration;
			buildSettings = {
				ALWAYS_EMBED_SWIFT_STANDARD_LIBRARIES = YES;
				CODE_SIGN_STYLE = Automatic;
				DEVELOPMENT_TEAM = HKP37D8GG4;
				INFOPLIST_FILE = LandmarksUITests/Info.plist;
				LD_RUNPATH_SEARCH_PATHS = (
					"$(inherited)",
					"@executable_path/Frameworks",
					"@loader_path/Frameworks",
				);
				PRODUCT_BUNDLE_IDENTIFIER = Drew.LandmarksUITests;
				PRODUCT_NAME = "$(TARGET_NAME)";
				SWIFT_VERSION = 5.0;
				TARGETED_DEVICE_FAMILY = "1,2";
				TEST_TARGET_NAME = Landmarks;
			};
			name = Release;
		};
/* End XCBuildConfiguration section */

/* Begin XCConfigurationList section */
		566361B5275AEB00002755DC /* Build configuration list for PBXProject "Landmarks" */ = {
			isa = XCConfigurationList;
			buildConfigurations = (
				566361DD275AEB06002755DC /* Debug */,
				566361DE275AEB06002755DC /* Release */,
			);
			defaultConfigurationIsVisible = 0;
			defaultConfigurationName = Release;
		};
		566361DF275AEB06002755DC /* Build configuration list for PBXNativeTarget "Landmarks" */ = {
			isa = XCConfigurationList;
			buildConfigurations = (
				566361E0275AEB06002755DC /* Debug */,
				566361E1275AEB06002755DC /* Release */,
			);
			defaultConfigurationIsVisible = 0;
			defaultConfigurationName = Release;
		};
		566361E2275AEB06002755DC /* Build configuration list for PBXNativeTarget "LandmarksTests" */ = {
			isa = XCConfigurationList;
			buildConfigurations = (
				566361E3275AEB06002755DC /* Debug */,
				566361E4275AEB06002755DC /* Release */,
			);
			defaultConfigurationIsVisible = 0;
			defaultConfigurationName = Release;
		};
		566361E5275AEB06002755DC /* Build configuration list for PBXNativeTarget "LandmarksUITests" */ = {
			isa = XCConfigurationList;
			buildConfigurations = (
				566361E6275AEB06002755DC /* Debug */,
				566361E7275AEB06002755DC /* Release */,
			);
			defaultConfigurationIsVisible = 0;
			defaultConfigurationName = Release;
		};
/* End XCConfigurationList section */
	};
	rootObject = 566361B2275AEB00002755DC /* Project object */;
}
